{
  "version": 4,
  "terraform_version": "1.3.6",
  "serial": 39,
  "lineage": "23c9af73-c437-4d24-6606-2305e0824139",
  "outputs": {
    "public_ip_address": {
      "value": "20.25.36.195",
      "type": "string"
    },
    "resource_group_name": {
      "value": "rg-viable-possum",
      "type": "string"
    },
    "tls_private_key": {
      "value": "-----BEGIN RSA PRIVATE KEY-----\nMIIJKAIBAAKCAgEAzVptP5jBI59bUHssvPDqkrzjF/BhpaupiFeHOM5N3M65xNFE\nM5qso+Ix7KKZkfy3/uJC+rR71MNbRXXljsARh7nroqR1L9EPdTCbq9HfgcWZSws6\nArM7xqBwtCSO0mVdxXcWerP2C74d4F3zMBHFXvVx1TiFW8J8qljZ0qO6yKmPAjF+\nDv17R0ES1Rq9X2kmtnqvEIFkpdKT57w7RbjM4XMqQbO+NtiXF/LJrh2nz6LkbGQF\n1/3csuvIJLkitYs37K82f2pDsdoEPbeRevMBKnytYifJ92nxUjegSJkPul07fFWU\ngexJBnIOBL/uFgVHDM8rWpbgRIIUmuaAvIFh6HQ/dFx4sC3iTVKX4SVl6M2N1tsD\nOqbkypqK0IstOY8FpjD/5QzkM6eEOyhyC48kLMje5VSVTZ9yW6IYtzN8XVYQ4n5G\nlQPhlBG07uft3Nw+w01x6klSvzZIOf0+mRQ0r5tzWXJbtUJivIoUUfezh+dzrnlN\nYVdWlrd8Lqv2P90G35cJabB+jFVct80Ejko9aF0ym7wZ13mBKuYj2c2xUk+++pjT\nhxqtdxeyDdHVKWlqB9MS55gSJ5q0QnQKSK9TY3x98qLc0h5xlrVKNuQVQKM4Qwap\nBluOnyMsAs1CMsquYYGwnwsa7ZnsU37FGUJLg1JfkahqCCv6dcXUlnBiIJsCAwEA\nAQKCAgAlHXPja7N0wceaSzjxyUVMUjFlUUAE1nrktpUtEjSGdSKkTQJbpVgQosBN\nObIx7ZA/1Bsw/s/my4xCiKV94H8KnfLVyY2Yn9uAXdG1A1C3PsSPCK9qb4SdSMA1\n/umFY2bIWtbIRKByzODPfYuHo56dpBT36ahIxmUL0NVFuev3epXrWpCjGvNeFIfX\n1mZlyTaDAreDby+GvQGYf6/i0RzOnqcDiv4VIZ5laK9E9f0vjQxl/soDmNF70Ruy\nb3ezgj8QWzapXsZvba0YjoYPx73tNO2NcQ2S1yYTqxQgKvHpyBIJTdpyhQdJz/Fy\nsFHSzw9hZEw8qkpMd4pL2N9psqTEMOT2PAYoKBudRVMkNtd44p2HEulDTd1GTS+T\nvdaIOU40y5g0QYQu//g8ac9LDY6HUwtAmUvj5Y3XQ1+JiYYSYhHMnzqRbR5Njuff\nwZx/7QuWx0nVmApQ6K/TYkus8f/5Hw1KPSE1zSPzavuFhO++bhF3G8DnDDJphPl8\nWSXXW0RkVQNB+BnzVEsZLfiV4loeBBR4Jll1j4a3U70rurfWtadz865eEm+lHRxo\nRXuD+0eguaB/od7EKtVvpa+2QoJ1L2vHoNlvkMCVPkw0v8+W1G7RdnNudYz/XP7z\nDcB94W6J/F7cDK0CJHLjxSeC4fSQ+gww2gCzwDDJCyEuH2e4YQKCAQEA5V988yuK\nAIYP0ErgO2/6jL9QqwCTrueRqAaaz8s1z0gMit+fQtHvEd0nWCAEge6SRWd4UAl/\npiyMj5xyDt3etu5MONNaRDIP1o6kqqqKeFWZgUI/Vg5i4uNpwPNh16LpoWmRLo4/\ny+5aVLwydWWVuHJizffe6+nFs8nL4jxLevW77svms0FjN5I+18OvEUfg9jvho3/B\n/QVA//+n6D8OEB/UtRcnRR+fUoQyHTM52qIAns1UP7LyvmEVDQO/VMKs4q2yr040\nT3nVVcfkWExkvOJUVWDqawJG6eciFNnr1GJrjT5mYFq9h5K8c9FN6LjAmDWdjLFH\nXj+1ySCrVU3MCwKCAQEA5TEeW3uGkC12cAeB++1r12pQUdkmzcn/S/6q+ITJrgJT\nZBmTcvaoWDQGm4cGO8sZihbN2fsEr9xYBqVmjf0NIaCduhw5nC6gaMOi4h4X8DU+\nOVv51qz3WiSDxJS286wYQUOcbPb00Uwbg+22w9PvgfpKELJGSqEESuNlY7CQW6zS\nn4oQQyg1c6tyxn0yEIWnmb4ebNsYpFplVvguhvG6VBtXh9UlyYssMaQXiAdrA0Jw\n8tiOeXO3R3Hr6ffGwAU7m1O9ObW54Qhali3RCylNPDWwVaspQNmyle/J0UsLHmaD\ndC3qsvvdInjhUu/9X2uqRSv8v8Up/nQ+s/jQRaNHsQKCAQAcot1AprDl+9bBlHeG\nNCa9p6z0jG/jqDmBFsIBK0eeh0o5lE2X1Ana2xdsYyLs7dIJJC/bHjR3lJw/2bJL\ntNt3Tyzo80oTtYRQryJTxFLhTx6JCrJJliY2WVn8ouYWO9qbMkjT3SKN3UYdyhkq\nmvIkQvOe71E/dsId/hWcOxbZVRCPcZlty74NVA7QdTfIGoc1dqhm9y5K3nsM+ugF\nkMm6rZ6qtSdL8/S6IpL3HkwcxZj6OnxIL5kqt4gfRdZ/SIa5DiJ+zG6vdXBy8y/I\n7lCtXDxXJHBfx7r+vMJ+g+5zZ44x5hZ19R4wbNtmQj1NzrMMzbTLud5FIAMcBx4c\n2kedAoIBAQCzhaPnuHwQluu8mMTiFnhwRWAgnF1euCh22EYHX8uxtzSmpbnvRPFc\nFXRPgpYJY+7fUTlw0sQ7E/cHTatk8J/GhU7GprEheww+w27kevn5N1tEBp1N4DHn\ns85avroHZ/eft1vhphbhkiHDVwHfpjRmtSwqo9mXP0RjfHbAfV610EsymCxgzjAA\nKH1AqHP8qRQ8wsSGM5+7rOrQEpovLUzr8HbBeN2eXpsBTyz3aggSh4p9Tc9bpp4b\nIkrN+zz8z5x+8Dq553RvpeF+3OhvO6y5yrwSfn1TxLGz7B1DCOrupxG0gPrjs5Dl\nHZYxJrZqdaTrhab2d3OLUnaC9hP9WAYhAoIBAGZKwN3yXqNIlEhnVpzzNP0TivUK\nwjC8nAHrLvia0dto27LZF6ZN7YfhNxO0/8O7ljjPT6zVnGNsvZ0OyaXL1v1Nn6hO\n0UXNo5wzrQnwUqTzW3BLamczF/OlJTY9VwTR0vTmAC7QWw8vLAE528gIEXVdSpU4\nwN6Sb7WXAOEaUFgC528CcmWbZkfFrMcsvpLdT0NzPVUW8Q/0PnR6j1bcEZzXU5X0\ncUan2jiKZAVdmrQLRyThc/8zV2OYeUCOTPCKXGbWg6mCHzqbpbabBPFRGhwWWyi3\nzs04JpoAE57IFboqEWz8+P8FFu6hiMJ/bhlgzotMVk1o74onqIQqeKbKznw=\n-----END RSA PRIVATE KEY-----\n",
      "type": "string",
      "sensitive": true
    }
  },
  "resources": [
    {
      "mode": "managed",
      "type": "azurerm_linux_virtual_machine",
      "name": "my_terraform_vm",
      "provider": "provider[\"registry.terraform.io/hashicorp/azurerm\"]",
      "instances": [
        {
          "schema_version": 0,
          "attributes": {
            "additional_capabilities": [],
            "admin_password": null,
            "admin_ssh_key": [
              {
                "public_key": "ssh-rsa AAAAB3NzaC1yc2EAAAADAQABAAACAQDNWm0/mMEjn1tQeyy88OqSvOMX8GGlq6mIV4c4zk3czrnE0UQzmqyj4jHsopmR/Lf+4kL6tHvUw1tFdeWOwBGHueuipHUv0Q91MJur0d+BxZlLCzoCszvGoHC0JI7SZV3FdxZ6s/YLvh3gXfMwEcVe9XHVOIVbwnyqWNnSo7rIqY8CMX4O/XtHQRLVGr1faSa2eq8QgWSl0pPnvDtFuMzhcypBs7422JcX8smuHafPouRsZAXX/dyy68gkuSK1izfsrzZ/akOx2gQ9t5F68wEqfK1iJ8n3afFSN6BImQ+6XTt8VZSB7EkGcg4Ev+4WBUcMzytaluBEghSa5oC8gWHodD90XHiwLeJNUpfhJWXozY3W2wM6puTKmorQiy05jwWmMP/lDOQzp4Q7KHILjyQsyN7lVJVNn3Jbohi3M3xdVhDifkaVA+GUEbTu5+3c3D7DTXHqSVK/Nkg5/T6ZFDSvm3NZclu1QmK8ihRR97OH53OueU1hV1aWt3wuq/Y/3QbflwlpsH6MVVy3zQSOSj1oXTKbvBnXeYEq5iPZzbFST776mNOHGq13F7IN0dUpaWoH0xLnmBInmrRCdApIr1NjfH3yotzSHnGWtUo25BVAozhDBqkGW46fIywCzUIyyq5hgbCfCxrtmexTfsUZQkuDUl+RqGoIK/p1xdSWcGIgmw==\n",
                "username": "azureuser"
              }
            ],
            "admin_username": "azureuser",
            "allow_extension_operations": true,
            "availability_set_id": "",
            "boot_diagnostics": [
              {
                "storage_account_uri": "https://diag00457044f1c1eb8f.blob.core.windows.net/"
              }
            ],
            "computer_name": "myvm",
            "custom_data": null,
            "dedicated_host_group_id": "",
            "dedicated_host_id": "",
            "disable_password_authentication": true,
            "encryption_at_host_enabled": false,
            "eviction_policy": "",
            "extensions_time_budget": "PT1H30M",
            "id": "/subscriptions/9f64194f-f35d-4a5c-8d16-60811524df8d/resourceGroups/rg-viable-possum/providers/Microsoft.Compute/virtualMachines/myVM",
            "identity": [],
            "license_type": "",
            "location": "eastus",
            "max_bid_price": -1,
            "name": "myVM",
            "network_interface_ids": [
              "/subscriptions/9f64194f-f35d-4a5c-8d16-60811524df8d/resourceGroups/rg-viable-possum/providers/Microsoft.Network/networkInterfaces/myNIC"
            ],
            "os_disk": [
              {
                "caching": "ReadWrite",
                "diff_disk_settings": [],
                "disk_encryption_set_id": "",
                "disk_size_gb": 30,
                "name": "myOsDisk",
                "storage_account_type": "Premium_LRS",
                "write_accelerator_enabled": false
              }
            ],
            "patch_mode": "ImageDefault",
            "plan": [],
            "platform_fault_domain": -1,
            "priority": "Regular",
            "private_ip_address": "10.0.1.4",
            "private_ip_addresses": [
              "10.0.1.4"
            ],
            "provision_vm_agent": true,
            "proximity_placement_group_id": "",
            "public_ip_address": "20.25.36.195",
            "public_ip_addresses": [
              "20.25.36.195"
            ],
            "resource_group_name": "rg-viable-possum",
            "secret": [],
            "secure_boot_enabled": false,
            "size": "Standard_DS1_v2",
            "source_image_id": "",
            "source_image_reference": [
              {
                "offer": "UbuntuServer",
                "publisher": "Canonical",
                "sku": "18.04-LTS",
                "version": "latest"
              }
            ],
            "tags": null,
            "timeouts": null,
            "user_data": "",
            "virtual_machine_id": "296e1ab8-ede4-4bf8-996a-4c0836901293",
            "virtual_machine_scale_set_id": "",
            "vtpm_enabled": false,
            "zone": ""
          },
          "sensitive_attributes": [],
          "private": "eyJlMmJmYjczMC1lY2FhLTExZTYtOGY4OC0zNDM2M2JjN2M0YzAiOnsiY3JlYXRlIjoyNzAwMDAwMDAwMDAwLCJkZWxldGUiOjI3MDAwMDAwMDAwMDAsInJlYWQiOjMwMDAwMDAwMDAwMCwidXBkYXRlIjoyNzAwMDAwMDAwMDAwfX0=",
          "dependencies": [
            "azurerm_network_interface.my_terraform_nic",
            "azurerm_public_ip.my_terraform_public_ip",
            "azurerm_resource_group.rg",
            "azurerm_storage_account.my_storage_account",
            "azurerm_subnet.my_terraform_subnet",
            "azurerm_virtual_network.my_terraform_network",
            "random_id.random_id",
            "random_pet.rg_name",
            "tls_private_key.example_ssh"
          ]
        }
      ]
    },
    {
      "mode": "managed",
      "type": "azurerm_network_interface",
      "name": "my_terraform_nic",
      "provider": "provider[\"registry.terraform.io/hashicorp/azurerm\"]",
      "instances": [
        {
          "schema_version": 0,
          "attributes": {
            "applied_dns_servers": [],
            "dns_servers": [],
            "enable_accelerated_networking": false,
            "enable_ip_forwarding": false,
            "id": "/subscriptions/9f64194f-f35d-4a5c-8d16-60811524df8d/resourceGroups/rg-viable-possum/providers/Microsoft.Network/networkInterfaces/myNIC",
            "internal_dns_name_label": "",
            "internal_domain_name_suffix": "znimept3bsru1eq2dledhcq4hh.bx.internal.cloudapp.net",
            "ip_configuration": [
              {
                "gateway_load_balancer_frontend_ip_configuration_id": "",
                "name": "my_nic_configuration",
                "primary": true,
                "private_ip_address": "10.0.1.4",
                "private_ip_address_allocation": "Dynamic",
                "private_ip_address_version": "IPv4",
                "public_ip_address_id": "/subscriptions/9f64194f-f35d-4a5c-8d16-60811524df8d/resourceGroups/rg-viable-possum/providers/Microsoft.Network/publicIPAddresses/myPublicIP",
                "subnet_id": "/subscriptions/9f64194f-f35d-4a5c-8d16-60811524df8d/resourceGroups/rg-viable-possum/providers/Microsoft.Network/virtualNetworks/myVnet/subnets/mySubnet"
              }
            ],
            "location": "eastus",
            "mac_address": "",
            "name": "myNIC",
            "private_ip_address": "10.0.1.4",
            "private_ip_addresses": [
              "10.0.1.4"
            ],
            "resource_group_name": "rg-viable-possum",
            "tags": null,
            "timeouts": null,
            "virtual_machine_id": ""
          },
          "sensitive_attributes": [],
          "private": "eyJlMmJmYjczMC1lY2FhLTExZTYtOGY4OC0zNDM2M2JjN2M0YzAiOnsiY3JlYXRlIjoxODAwMDAwMDAwMDAwLCJkZWxldGUiOjE4MDAwMDAwMDAwMDAsInJlYWQiOjMwMDAwMDAwMDAwMCwidXBkYXRlIjoxODAwMDAwMDAwMDAwfX0=",
          "dependencies": [
            "azurerm_public_ip.my_terraform_public_ip",
            "azurerm_resource_group.rg",
            "azurerm_subnet.my_terraform_subnet",
            "azurerm_virtual_network.my_terraform_network",
            "random_pet.rg_name"
          ]
        }
      ]
    },
    {
      "mode": "managed",
      "type": "azurerm_network_interface_security_group_association",
      "name": "example",
      "provider": "provider[\"registry.terraform.io/hashicorp/azurerm\"]",
      "instances": [
        {
          "schema_version": 0,
          "attributes": {
            "id": "/subscriptions/9f64194f-f35d-4a5c-8d16-60811524df8d/resourceGroups/rg-viable-possum/providers/Microsoft.Network/networkInterfaces/myNIC|/subscriptions/9f64194f-f35d-4a5c-8d16-60811524df8d/resourceGroups/rg-viable-possum/providers/Microsoft.Network/networkSecurityGroups/myNetworkSecurityGroup",
            "network_interface_id": "/subscriptions/9f64194f-f35d-4a5c-8d16-60811524df8d/resourceGroups/rg-viable-possum/providers/Microsoft.Network/networkInterfaces/myNIC",
            "network_security_group_id": "/subscriptions/9f64194f-f35d-4a5c-8d16-60811524df8d/resourceGroups/rg-viable-possum/providers/Microsoft.Network/networkSecurityGroups/myNetworkSecurityGroup",
            "timeouts": null
          },
          "sensitive_attributes": [],
          "private": "eyJlMmJmYjczMC1lY2FhLTExZTYtOGY4OC0zNDM2M2JjN2M0YzAiOnsiY3JlYXRlIjoxODAwMDAwMDAwMDAwLCJkZWxldGUiOjE4MDAwMDAwMDAwMDAsInJlYWQiOjMwMDAwMDAwMDAwMCwidXBkYXRlIjoxODAwMDAwMDAwMDAwfX0=",
          "dependencies": [
            "azurerm_network_interface.my_terraform_nic",
            "azurerm_network_security_group.my_terraform_nsg",
            "azurerm_public_ip.my_terraform_public_ip",
            "azurerm_resource_group.rg",
            "azurerm_subnet.my_terraform_subnet",
            "azurerm_virtual_network.my_terraform_network",
            "random_pet.rg_name"
          ]
        }
      ]
    },
    {
      "mode": "managed",
      "type": "azurerm_network_security_group",
      "name": "my_terraform_nsg",
      "provider": "provider[\"registry.terraform.io/hashicorp/azurerm\"]",
      "instances": [
        {
          "schema_version": 0,
          "attributes": {
            "id": "/subscriptions/9f64194f-f35d-4a5c-8d16-60811524df8d/resourceGroups/rg-viable-possum/providers/Microsoft.Network/networkSecurityGroups/myNetworkSecurityGroup",
            "location": "eastus",
            "name": "myNetworkSecurityGroup",
            "resource_group_name": "rg-viable-possum",
            "security_rule": [
              {
                "access": "Allow",
                "description": "",
                "destination_address_prefix": "*",
                "destination_address_prefixes": [],
                "destination_application_security_group_ids": [],
                "destination_port_range": "22",
                "destination_port_ranges": [],
                "direction": "Inbound",
                "name": "SSH",
                "priority": 1001,
                "protocol": "Tcp",
                "source_address_prefix": "*",
                "source_address_prefixes": [],
                "source_application_security_group_ids": [],
                "source_port_range": "*",
                "source_port_ranges": []
              }
            ],
            "tags": null,
            "timeouts": null
          },
          "sensitive_attributes": [],
          "private": "eyJlMmJmYjczMC1lY2FhLTExZTYtOGY4OC0zNDM2M2JjN2M0YzAiOnsiY3JlYXRlIjoxODAwMDAwMDAwMDAwLCJkZWxldGUiOjE4MDAwMDAwMDAwMDAsInJlYWQiOjMwMDAwMDAwMDAwMCwidXBkYXRlIjoxODAwMDAwMDAwMDAwfX0=",
          "dependencies": [
            "azurerm_resource_group.rg",
            "random_pet.rg_name"
          ]
        }
      ]
    },
    {
      "mode": "managed",
      "type": "azurerm_public_ip",
      "name": "my_terraform_public_ip",
      "provider": "provider[\"registry.terraform.io/hashicorp/azurerm\"]",
      "instances": [
        {
          "schema_version": 0,
          "attributes": {
            "allocation_method": "Dynamic",
            "availability_zone": "No-Zone",
            "domain_name_label": null,
            "fqdn": null,
            "id": "/subscriptions/9f64194f-f35d-4a5c-8d16-60811524df8d/resourceGroups/rg-viable-possum/providers/Microsoft.Network/publicIPAddresses/myPublicIP",
            "idle_timeout_in_minutes": 4,
            "ip_address": "",
            "ip_tags": null,
            "ip_version": "IPv4",
            "location": "eastus",
            "name": "myPublicIP",
            "public_ip_prefix_id": null,
            "resource_group_name": "rg-viable-possum",
            "reverse_fqdn": null,
            "sku": "Basic",
            "sku_tier": "Regional",
            "tags": null,
            "timeouts": null,
            "zones": []
          },
          "sensitive_attributes": [],
          "private": "eyJlMmJmYjczMC1lY2FhLTExZTYtOGY4OC0zNDM2M2JjN2M0YzAiOnsiY3JlYXRlIjoxODAwMDAwMDAwMDAwLCJkZWxldGUiOjE4MDAwMDAwMDAwMDAsInJlYWQiOjMwMDAwMDAwMDAwMCwidXBkYXRlIjoxODAwMDAwMDAwMDAwfX0=",
          "dependencies": [
            "azurerm_resource_group.rg",
            "random_pet.rg_name"
          ]
        }
      ]
    },
    {
      "mode": "managed",
      "type": "azurerm_resource_group",
      "name": "rg",
      "provider": "provider[\"registry.terraform.io/hashicorp/azurerm\"]",
      "instances": [
        {
          "schema_version": 0,
          "attributes": {
            "id": "/subscriptions/9f64194f-f35d-4a5c-8d16-60811524df8d/resourceGroups/rg-viable-possum",
            "location": "eastus",
            "name": "rg-viable-possum",
            "tags": null,
            "timeouts": null
          },
          "sensitive_attributes": [],
          "private": "eyJlMmJmYjczMC1lY2FhLTExZTYtOGY4OC0zNDM2M2JjN2M0YzAiOnsiY3JlYXRlIjo1NDAwMDAwMDAwMDAwLCJkZWxldGUiOjU0MDAwMDAwMDAwMDAsInJlYWQiOjMwMDAwMDAwMDAwMCwidXBkYXRlIjo1NDAwMDAwMDAwMDAwfX0=",
          "dependencies": [
            "random_pet.rg_name"
          ]
        }
      ]
    },
    {
      "mode": "managed",
      "type": "azurerm_storage_account",
      "name": "my_storage_account",
      "provider": "provider[\"registry.terraform.io/hashicorp/azurerm\"]",
      "instances": [
        {
          "schema_version": 2,
          "attributes": {
            "access_tier": "Hot",
            "account_kind": "StorageV2",
            "account_replication_type": "LRS",
            "account_tier": "Standard",
            "allow_blob_public_access": false,
            "azure_files_authentication": [],
            "blob_properties": [
              {
                "change_feed_enabled": false,
                "container_delete_retention_policy": [],
                "cors_rule": [],
                "default_service_version": "",
                "delete_retention_policy": [],
                "last_access_time_enabled": false,
                "versioning_enabled": false
              }
            ],
            "custom_domain": [],
            "customer_managed_key": [],
            "enable_https_traffic_only": true,
            "id": "/subscriptions/9f64194f-f35d-4a5c-8d16-60811524df8d/resourceGroups/rg-viable-possum/providers/Microsoft.Storage/storageAccounts/diag00457044f1c1eb8f",
            "identity": [],
            "infrastructure_encryption_enabled": false,
            "is_hns_enabled": false,
            "large_file_share_enabled": null,
            "location": "eastus",
            "min_tls_version": "TLS1_0",
            "name": "diag00457044f1c1eb8f",
            "network_rules": [
              {
                "bypass": [
                  "AzureServices"
                ],
                "default_action": "Allow",
                "ip_rules": [],
                "private_link_access": [],
                "virtual_network_subnet_ids": []
              }
            ],
            "nfsv3_enabled": false,
            "primary_access_key": "HGuhUnZ+Xybe94auwMFkwhgvfmukn1VrefULyhC/mujrkqtCf/JED4ndjfGoAa62iOTdSFDb/Ba0+AStDhexBQ==",
            "primary_blob_connection_string": "DefaultEndpointsProtocol=https;BlobEndpoint=https://diag00457044f1c1eb8f.blob.core.windows.net/;AccountName=diag00457044f1c1eb8f;AccountKey=HGuhUnZ+Xybe94auwMFkwhgvfmukn1VrefULyhC/mujrkqtCf/JED4ndjfGoAa62iOTdSFDb/Ba0+AStDhexBQ==",
            "primary_blob_endpoint": "https://diag00457044f1c1eb8f.blob.core.windows.net/",
            "primary_blob_host": "diag00457044f1c1eb8f.blob.core.windows.net",
            "primary_connection_string": "DefaultEndpointsProtocol=https;AccountName=diag00457044f1c1eb8f;AccountKey=HGuhUnZ+Xybe94auwMFkwhgvfmukn1VrefULyhC/mujrkqtCf/JED4ndjfGoAa62iOTdSFDb/Ba0+AStDhexBQ==;EndpointSuffix=core.windows.net",
            "primary_dfs_endpoint": "https://diag00457044f1c1eb8f.dfs.core.windows.net/",
            "primary_dfs_host": "diag00457044f1c1eb8f.dfs.core.windows.net",
            "primary_file_endpoint": "https://diag00457044f1c1eb8f.file.core.windows.net/",
            "primary_file_host": "diag00457044f1c1eb8f.file.core.windows.net",
            "primary_location": "eastus",
            "primary_queue_endpoint": "https://diag00457044f1c1eb8f.queue.core.windows.net/",
            "primary_queue_host": "diag00457044f1c1eb8f.queue.core.windows.net",
            "primary_table_endpoint": "https://diag00457044f1c1eb8f.table.core.windows.net/",
            "primary_table_host": "diag00457044f1c1eb8f.table.core.windows.net",
            "primary_web_endpoint": "https://diag00457044f1c1eb8f.z13.web.core.windows.net/",
            "primary_web_host": "diag00457044f1c1eb8f.z13.web.core.windows.net",
            "queue_encryption_key_type": "Service",
            "queue_properties": [
              {
                "cors_rule": [],
                "hour_metrics": [
                  {
                    "enabled": true,
                    "include_apis": true,
                    "retention_policy_days": 7,
                    "version": "1.0"
                  }
                ],
                "logging": [
                  {
                    "delete": false,
                    "read": false,
                    "retention_policy_days": 0,
                    "version": "1.0",
                    "write": false
                  }
                ],
                "minute_metrics": [
                  {
                    "enabled": false,
                    "include_apis": false,
                    "retention_policy_days": 0,
                    "version": "1.0"
                  }
                ]
              }
            ],
            "resource_group_name": "rg-viable-possum",
            "routing": [],
            "secondary_access_key": "6a0CLBMIDow8Bd52+HGOE9cm2dEMoOL1AIqOx7TeiDJqUygDuYbyRfgo6al224cuub0OVK2WihWi+AStmFZFkA==",
            "secondary_blob_connection_string": "",
            "secondary_blob_endpoint": null,
            "secondary_blob_host": null,
            "secondary_connection_string": "DefaultEndpointsProtocol=https;AccountName=diag00457044f1c1eb8f;AccountKey=6a0CLBMIDow8Bd52+HGOE9cm2dEMoOL1AIqOx7TeiDJqUygDuYbyRfgo6al224cuub0OVK2WihWi+AStmFZFkA==;EndpointSuffix=core.windows.net",
            "secondary_dfs_endpoint": null,
            "secondary_dfs_host": null,
            "secondary_file_endpoint": null,
            "secondary_file_host": null,
            "secondary_location": "",
            "secondary_queue_endpoint": null,
            "secondary_queue_host": null,
            "secondary_table_endpoint": null,
            "secondary_table_host": null,
            "secondary_web_endpoint": null,
            "secondary_web_host": null,
            "share_properties": [
              {
                "cors_rule": [],
                "retention_policy": [
                  {
                    "days": 7
                  }
                ],
                "smb": []
              }
            ],
            "shared_access_key_enabled": true,
            "static_website": [],
            "table_encryption_key_type": "Service",
            "tags": null,
            "timeouts": null
          },
          "sensitive_attributes": [],
          "private": "eyJlMmJmYjczMC1lY2FhLTExZTYtOGY4OC0zNDM2M2JjN2M0YzAiOnsiY3JlYXRlIjozNjAwMDAwMDAwMDAwLCJkZWxldGUiOjM2MDAwMDAwMDAwMDAsInJlYWQiOjMwMDAwMDAwMDAwMCwidXBkYXRlIjozNjAwMDAwMDAwMDAwfSwic2NoZW1hX3ZlcnNpb24iOiIyIn0=",
          "dependencies": [
            "azurerm_resource_group.rg",
            "random_id.random_id",
            "random_pet.rg_name"
          ]
        }
      ]
    },
    {
      "mode": "managed",
      "type": "azurerm_subnet",
      "name": "my_terraform_subnet",
      "provider": "provider[\"registry.terraform.io/hashicorp/azurerm\"]",
      "instances": [
        {
          "schema_version": 0,
          "attributes": {
            "address_prefix": "10.0.1.0/24",
            "address_prefixes": [
              "10.0.1.0/24"
            ],
            "delegation": [],
            "enforce_private_link_endpoint_network_policies": false,
            "enforce_private_link_service_network_policies": false,
            "id": "/subscriptions/9f64194f-f35d-4a5c-8d16-60811524df8d/resourceGroups/rg-viable-possum/providers/Microsoft.Network/virtualNetworks/myVnet/subnets/mySubnet",
            "name": "mySubnet",
            "resource_group_name": "rg-viable-possum",
            "service_endpoint_policy_ids": null,
            "service_endpoints": null,
            "timeouts": null,
            "virtual_network_name": "myVnet"
          },
          "sensitive_attributes": [],
          "private": "eyJlMmJmYjczMC1lY2FhLTExZTYtOGY4OC0zNDM2M2JjN2M0YzAiOnsiY3JlYXRlIjoxODAwMDAwMDAwMDAwLCJkZWxldGUiOjE4MDAwMDAwMDAwMDAsInJlYWQiOjMwMDAwMDAwMDAwMCwidXBkYXRlIjoxODAwMDAwMDAwMDAwfX0=",
          "dependencies": [
            "azurerm_resource_group.rg",
            "azurerm_virtual_network.my_terraform_network",
            "random_pet.rg_name"
          ]
        }
      ]
    },
    {
      "mode": "managed",
      "type": "azurerm_virtual_network",
      "name": "my_terraform_network",
      "provider": "provider[\"registry.terraform.io/hashicorp/azurerm\"]",
      "instances": [
        {
          "schema_version": 0,
          "attributes": {
            "address_space": [
              "10.0.0.0/16"
            ],
            "bgp_community": "",
            "ddos_protection_plan": [],
            "dns_servers": [],
            "flow_timeout_in_minutes": 0,
            "guid": "3ec250cb-0c7d-4da3-921c-1ac8338a1e3f",
            "id": "/subscriptions/9f64194f-f35d-4a5c-8d16-60811524df8d/resourceGroups/rg-viable-possum/providers/Microsoft.Network/virtualNetworks/myVnet",
            "location": "eastus",
            "name": "myVnet",
            "resource_group_name": "rg-viable-possum",
            "subnet": [],
            "tags": null,
            "timeouts": null,
            "vm_protection_enabled": false
          },
          "sensitive_attributes": [],
          "private": "eyJlMmJmYjczMC1lY2FhLTExZTYtOGY4OC0zNDM2M2JjN2M0YzAiOnsiY3JlYXRlIjoxODAwMDAwMDAwMDAwLCJkZWxldGUiOjE4MDAwMDAwMDAwMDAsInJlYWQiOjMwMDAwMDAwMDAwMCwidXBkYXRlIjoxODAwMDAwMDAwMDAwfX0=",
          "dependencies": [
            "azurerm_resource_group.rg",
            "random_pet.rg_name"
          ]
        }
      ]
    },
    {
      "mode": "managed",
      "type": "random_id",
      "name": "random_id",
      "provider": "provider[\"registry.terraform.io/hashicorp/random\"]",
      "instances": [
        {
          "schema_version": 0,
          "attributes": {
            "b64_std": "AEVwRPHB648=",
            "b64_url": "AEVwRPHB648",
            "byte_length": 8,
            "dec": "19545214809140111",
            "hex": "00457044f1c1eb8f",
            "id": "AEVwRPHB648",
            "keepers": {
              "resource_group": "rg-viable-possum"
            },
            "prefix": null
          },
          "sensitive_attributes": [],
          "dependencies": [
            "azurerm_resource_group.rg",
            "random_pet.rg_name"
          ]
        }
      ]
    },
    {
      "mode": "managed",
      "type": "random_pet",
      "name": "rg_name",
      "provider": "provider[\"registry.terraform.io/hashicorp/random\"]",
      "instances": [
        {
          "schema_version": 0,
          "attributes": {
            "id": "rg-viable-possum",
            "keepers": null,
            "length": 2,
            "prefix": "rg",
            "separator": "-"
          },
          "sensitive_attributes": []
        }
      ]
    },
    {
      "mode": "managed",
      "type": "tls_private_key",
      "name": "example_ssh",
      "provider": "provider[\"registry.terraform.io/hashicorp/tls\"]",
      "instances": [
        {
          "schema_version": 1,
          "attributes": {
            "algorithm": "RSA",
            "ecdsa_curve": "P224",
            "id": "d12d49deab0c80b13bcbc5290027c11accd9e87d",
            "private_key_openssh": "-----BEGIN OPENSSH PRIVATE KEY-----\nb3BlbnNzaC1rZXktdjEAAAAABG5vbmUAAAAEbm9uZQAAAAAAAAABAAACFwAAAAdz\nc2gtcnNhAAAAAwEAAQAAAgEAzVptP5jBI59bUHssvPDqkrzjF/BhpaupiFeHOM5N\n3M65xNFEM5qso+Ix7KKZkfy3/uJC+rR71MNbRXXljsARh7nroqR1L9EPdTCbq9Hf\ngcWZSws6ArM7xqBwtCSO0mVdxXcWerP2C74d4F3zMBHFXvVx1TiFW8J8qljZ0qO6\nyKmPAjF+Dv17R0ES1Rq9X2kmtnqvEIFkpdKT57w7RbjM4XMqQbO+NtiXF/LJrh2n\nz6LkbGQF1/3csuvIJLkitYs37K82f2pDsdoEPbeRevMBKnytYifJ92nxUjegSJkP\nul07fFWUgexJBnIOBL/uFgVHDM8rWpbgRIIUmuaAvIFh6HQ/dFx4sC3iTVKX4SVl\n6M2N1tsDOqbkypqK0IstOY8FpjD/5QzkM6eEOyhyC48kLMje5VSVTZ9yW6IYtzN8\nXVYQ4n5GlQPhlBG07uft3Nw+w01x6klSvzZIOf0+mRQ0r5tzWXJbtUJivIoUUfez\nh+dzrnlNYVdWlrd8Lqv2P90G35cJabB+jFVct80Ejko9aF0ym7wZ13mBKuYj2c2x\nUk+++pjThxqtdxeyDdHVKWlqB9MS55gSJ5q0QnQKSK9TY3x98qLc0h5xlrVKNuQV\nQKM4QwapBluOnyMsAs1CMsquYYGwnwsa7ZnsU37FGUJLg1JfkahqCCv6dcXUlnBi\nIJsAAAc4uyQdf7skHX8AAAAHc3NoLXJzYQAAAgEAzVptP5jBI59bUHssvPDqkrzj\nF/BhpaupiFeHOM5N3M65xNFEM5qso+Ix7KKZkfy3/uJC+rR71MNbRXXljsARh7nr\noqR1L9EPdTCbq9HfgcWZSws6ArM7xqBwtCSO0mVdxXcWerP2C74d4F3zMBHFXvVx\n1TiFW8J8qljZ0qO6yKmPAjF+Dv17R0ES1Rq9X2kmtnqvEIFkpdKT57w7RbjM4XMq\nQbO+NtiXF/LJrh2nz6LkbGQF1/3csuvIJLkitYs37K82f2pDsdoEPbeRevMBKnyt\nYifJ92nxUjegSJkPul07fFWUgexJBnIOBL/uFgVHDM8rWpbgRIIUmuaAvIFh6HQ/\ndFx4sC3iTVKX4SVl6M2N1tsDOqbkypqK0IstOY8FpjD/5QzkM6eEOyhyC48kLMje\n5VSVTZ9yW6IYtzN8XVYQ4n5GlQPhlBG07uft3Nw+w01x6klSvzZIOf0+mRQ0r5tz\nWXJbtUJivIoUUfezh+dzrnlNYVdWlrd8Lqv2P90G35cJabB+jFVct80Ejko9aF0y\nm7wZ13mBKuYj2c2xUk+++pjThxqtdxeyDdHVKWlqB9MS55gSJ5q0QnQKSK9TY3x9\n8qLc0h5xlrVKNuQVQKM4QwapBluOnyMsAs1CMsquYYGwnwsa7ZnsU37FGUJLg1Jf\nkahqCCv6dcXUlnBiIJsAAAADAQABAAACACUdc+Nrs3TBx5pLOPHJRUxSMWVRQATW\neuS2lS0SNIZ1IqRNAlulWBCiwE05sjHtkD/UGzD+z+bLjEKIpX3gfwqd8tXJjZif\n24Bd0bUDULc+xI8Ir2pvhJ1IwDX+6YVjZsha1shEoHLM4M99i4ejnp2kFPfpqEjG\nZQvQ1UW56/d6letakKMa814Uh9fWZmXJNoMCt4NvL4a9AZh/r+LRHM6epwOK/hUh\nnmVor0T1/S+NDGX+ygOY0XvRG7Jvd7OCPxBbNqlexm9trRiOhg/Hve007Y1xDZLX\nJhOrFCAq8enIEglN2nKFB0nP8XKwUdLPD2FkTDyqSkx3ikvY32mypMQw5PY8Bigo\nG51FUyQ213jinYcS6UNN3UZNL5O91og5TjTLmDRBhC7/+Dxpz0sNjodTC0CZS+Pl\njddDX4mJhhJiEcyfOpFtHk2O59/BnH/tC5bHSdWYClDor9NiS6zx//kfDUo9ITXN\nI/Nq+4WE775uEXcbwOcMMmmE+XxZJddbRGRVA0H4GfNUSxkt+JXiWh4EFHgmWXWP\nhrdTvSu6t9a1p3Pzrl4Sb6UdHGhFe4P7R6C5oH+h3sQq1W+lr7ZCgnUva8eg2W+Q\nwJU+TDS/z5bUbtF2c251jP9c/vMNwH3hbon8XtwMrQIkcuPFJ4Lh9JD6DDDaALPA\nMMkLIS4fZ7hhAAABAGZKwN3yXqNIlEhnVpzzNP0TivUKwjC8nAHrLvia0dto27LZ\nF6ZN7YfhNxO0/8O7ljjPT6zVnGNsvZ0OyaXL1v1Nn6hO0UXNo5wzrQnwUqTzW3BL\namczF/OlJTY9VwTR0vTmAC7QWw8vLAE528gIEXVdSpU4wN6Sb7WXAOEaUFgC528C\ncmWbZkfFrMcsvpLdT0NzPVUW8Q/0PnR6j1bcEZzXU5X0cUan2jiKZAVdmrQLRyTh\nc/8zV2OYeUCOTPCKXGbWg6mCHzqbpbabBPFRGhwWWyi3zs04JpoAE57IFboqEWz8\n+P8FFu6hiMJ/bhlgzotMVk1o74onqIQqeKbKznwAAAEBAOVffPMrigCGD9BK4Dtv\n+oy/UKsAk67nkagGms/LNc9IDIrfn0LR7xHdJ1ggBIHukkVneFAJf6YsjI+ccg7d\n3rbuTDjTWkQyD9aOpKqqinhVmYFCP1YOYuLjacDzYdei6aFpkS6OP8vuWlS8MnVl\nlbhyYs333uvpxbPJy+I8S3r1u+7L5rNBYzeSPtfDrxFH4PY74aN/wf0FQP//p+g/\nDhAf1LUXJ0Ufn1KEMh0zOdqiAJ7NVD+y8r5hFQ0Dv1TCrOKtsq9ONE951VXH5FhM\nZLziVFVg6msCRunnIhTZ69Ria40+ZmBavYeSvHPRTei4wJg1nYyxR14/tckgq1VN\nzAsAAAEBAOUxHlt7hpAtdnAHgfvta9dqUFHZJs3J/0v+qviEya4CU2QZk3L2qFg0\nBpuHBjvLGYoWzdn7BK/cWAalZo39DSGgnbocOZwuoGjDouIeF/A1Pjlb+das91ok\ng8SUtvOsGEFDnGz29NFMG4PttsPT74H6ShCyRkqhBErjZWOwkFus0p+KEEMoNXOr\ncsZ9MhCFp5m+HmzbGKRaZVb4LobxulQbV4fVJcmLLDGkF4gHawNCcPLYjnlzt0dx\n6+n3xsAFO5tTvTm1ueEIWpYt0QspTTw1sFWrKUDZspXvydFLCx5mg3Qt6rL73SJ4\n4VLv/V9rqkUr/L/FKf50PrP40EWjR7EAAAAAAQID\n-----END OPENSSH PRIVATE KEY-----\n",
            "private_key_pem": "-----BEGIN RSA PRIVATE KEY-----\nMIIJKAIBAAKCAgEAzVptP5jBI59bUHssvPDqkrzjF/BhpaupiFeHOM5N3M65xNFE\nM5qso+Ix7KKZkfy3/uJC+rR71MNbRXXljsARh7nroqR1L9EPdTCbq9HfgcWZSws6\nArM7xqBwtCSO0mVdxXcWerP2C74d4F3zMBHFXvVx1TiFW8J8qljZ0qO6yKmPAjF+\nDv17R0ES1Rq9X2kmtnqvEIFkpdKT57w7RbjM4XMqQbO+NtiXF/LJrh2nz6LkbGQF\n1/3csuvIJLkitYs37K82f2pDsdoEPbeRevMBKnytYifJ92nxUjegSJkPul07fFWU\ngexJBnIOBL/uFgVHDM8rWpbgRIIUmuaAvIFh6HQ/dFx4sC3iTVKX4SVl6M2N1tsD\nOqbkypqK0IstOY8FpjD/5QzkM6eEOyhyC48kLMje5VSVTZ9yW6IYtzN8XVYQ4n5G\nlQPhlBG07uft3Nw+w01x6klSvzZIOf0+mRQ0r5tzWXJbtUJivIoUUfezh+dzrnlN\nYVdWlrd8Lqv2P90G35cJabB+jFVct80Ejko9aF0ym7wZ13mBKuYj2c2xUk+++pjT\nhxqtdxeyDdHVKWlqB9MS55gSJ5q0QnQKSK9TY3x98qLc0h5xlrVKNuQVQKM4Qwap\nBluOnyMsAs1CMsquYYGwnwsa7ZnsU37FGUJLg1JfkahqCCv6dcXUlnBiIJsCAwEA\nAQKCAgAlHXPja7N0wceaSzjxyUVMUjFlUUAE1nrktpUtEjSGdSKkTQJbpVgQosBN\nObIx7ZA/1Bsw/s/my4xCiKV94H8KnfLVyY2Yn9uAXdG1A1C3PsSPCK9qb4SdSMA1\n/umFY2bIWtbIRKByzODPfYuHo56dpBT36ahIxmUL0NVFuev3epXrWpCjGvNeFIfX\n1mZlyTaDAreDby+GvQGYf6/i0RzOnqcDiv4VIZ5laK9E9f0vjQxl/soDmNF70Ruy\nb3ezgj8QWzapXsZvba0YjoYPx73tNO2NcQ2S1yYTqxQgKvHpyBIJTdpyhQdJz/Fy\nsFHSzw9hZEw8qkpMd4pL2N9psqTEMOT2PAYoKBudRVMkNtd44p2HEulDTd1GTS+T\nvdaIOU40y5g0QYQu//g8ac9LDY6HUwtAmUvj5Y3XQ1+JiYYSYhHMnzqRbR5Njuff\nwZx/7QuWx0nVmApQ6K/TYkus8f/5Hw1KPSE1zSPzavuFhO++bhF3G8DnDDJphPl8\nWSXXW0RkVQNB+BnzVEsZLfiV4loeBBR4Jll1j4a3U70rurfWtadz865eEm+lHRxo\nRXuD+0eguaB/od7EKtVvpa+2QoJ1L2vHoNlvkMCVPkw0v8+W1G7RdnNudYz/XP7z\nDcB94W6J/F7cDK0CJHLjxSeC4fSQ+gww2gCzwDDJCyEuH2e4YQKCAQEA5V988yuK\nAIYP0ErgO2/6jL9QqwCTrueRqAaaz8s1z0gMit+fQtHvEd0nWCAEge6SRWd4UAl/\npiyMj5xyDt3etu5MONNaRDIP1o6kqqqKeFWZgUI/Vg5i4uNpwPNh16LpoWmRLo4/\ny+5aVLwydWWVuHJizffe6+nFs8nL4jxLevW77svms0FjN5I+18OvEUfg9jvho3/B\n/QVA//+n6D8OEB/UtRcnRR+fUoQyHTM52qIAns1UP7LyvmEVDQO/VMKs4q2yr040\nT3nVVcfkWExkvOJUVWDqawJG6eciFNnr1GJrjT5mYFq9h5K8c9FN6LjAmDWdjLFH\nXj+1ySCrVU3MCwKCAQEA5TEeW3uGkC12cAeB++1r12pQUdkmzcn/S/6q+ITJrgJT\nZBmTcvaoWDQGm4cGO8sZihbN2fsEr9xYBqVmjf0NIaCduhw5nC6gaMOi4h4X8DU+\nOVv51qz3WiSDxJS286wYQUOcbPb00Uwbg+22w9PvgfpKELJGSqEESuNlY7CQW6zS\nn4oQQyg1c6tyxn0yEIWnmb4ebNsYpFplVvguhvG6VBtXh9UlyYssMaQXiAdrA0Jw\n8tiOeXO3R3Hr6ffGwAU7m1O9ObW54Qhali3RCylNPDWwVaspQNmyle/J0UsLHmaD\ndC3qsvvdInjhUu/9X2uqRSv8v8Up/nQ+s/jQRaNHsQKCAQAcot1AprDl+9bBlHeG\nNCa9p6z0jG/jqDmBFsIBK0eeh0o5lE2X1Ana2xdsYyLs7dIJJC/bHjR3lJw/2bJL\ntNt3Tyzo80oTtYRQryJTxFLhTx6JCrJJliY2WVn8ouYWO9qbMkjT3SKN3UYdyhkq\nmvIkQvOe71E/dsId/hWcOxbZVRCPcZlty74NVA7QdTfIGoc1dqhm9y5K3nsM+ugF\nkMm6rZ6qtSdL8/S6IpL3HkwcxZj6OnxIL5kqt4gfRdZ/SIa5DiJ+zG6vdXBy8y/I\n7lCtXDxXJHBfx7r+vMJ+g+5zZ44x5hZ19R4wbNtmQj1NzrMMzbTLud5FIAMcBx4c\n2kedAoIBAQCzhaPnuHwQluu8mMTiFnhwRWAgnF1euCh22EYHX8uxtzSmpbnvRPFc\nFXRPgpYJY+7fUTlw0sQ7E/cHTatk8J/GhU7GprEheww+w27kevn5N1tEBp1N4DHn\ns85avroHZ/eft1vhphbhkiHDVwHfpjRmtSwqo9mXP0RjfHbAfV610EsymCxgzjAA\nKH1AqHP8qRQ8wsSGM5+7rOrQEpovLUzr8HbBeN2eXpsBTyz3aggSh4p9Tc9bpp4b\nIkrN+zz8z5x+8Dq553RvpeF+3OhvO6y5yrwSfn1TxLGz7B1DCOrupxG0gPrjs5Dl\nHZYxJrZqdaTrhab2d3OLUnaC9hP9WAYhAoIBAGZKwN3yXqNIlEhnVpzzNP0TivUK\nwjC8nAHrLvia0dto27LZF6ZN7YfhNxO0/8O7ljjPT6zVnGNsvZ0OyaXL1v1Nn6hO\n0UXNo5wzrQnwUqTzW3BLamczF/OlJTY9VwTR0vTmAC7QWw8vLAE528gIEXVdSpU4\nwN6Sb7WXAOEaUFgC528CcmWbZkfFrMcsvpLdT0NzPVUW8Q/0PnR6j1bcEZzXU5X0\ncUan2jiKZAVdmrQLRyThc/8zV2OYeUCOTPCKXGbWg6mCHzqbpbabBPFRGhwWWyi3\nzs04JpoAE57IFboqEWz8+P8FFu6hiMJ/bhlgzotMVk1o74onqIQqeKbKznw=\n-----END RSA PRIVATE KEY-----\n",
            "private_key_pem_pkcs8": "-----BEGIN PRIVATE KEY-----\nMIIJQgIBADANBgkqhkiG9w0BAQEFAASCCSwwggkoAgEAAoICAQDNWm0/mMEjn1tQ\neyy88OqSvOMX8GGlq6mIV4c4zk3czrnE0UQzmqyj4jHsopmR/Lf+4kL6tHvUw1tF\ndeWOwBGHueuipHUv0Q91MJur0d+BxZlLCzoCszvGoHC0JI7SZV3FdxZ6s/YLvh3g\nXfMwEcVe9XHVOIVbwnyqWNnSo7rIqY8CMX4O/XtHQRLVGr1faSa2eq8QgWSl0pPn\nvDtFuMzhcypBs7422JcX8smuHafPouRsZAXX/dyy68gkuSK1izfsrzZ/akOx2gQ9\nt5F68wEqfK1iJ8n3afFSN6BImQ+6XTt8VZSB7EkGcg4Ev+4WBUcMzytaluBEghSa\n5oC8gWHodD90XHiwLeJNUpfhJWXozY3W2wM6puTKmorQiy05jwWmMP/lDOQzp4Q7\nKHILjyQsyN7lVJVNn3Jbohi3M3xdVhDifkaVA+GUEbTu5+3c3D7DTXHqSVK/Nkg5\n/T6ZFDSvm3NZclu1QmK8ihRR97OH53OueU1hV1aWt3wuq/Y/3QbflwlpsH6MVVy3\nzQSOSj1oXTKbvBnXeYEq5iPZzbFST776mNOHGq13F7IN0dUpaWoH0xLnmBInmrRC\ndApIr1NjfH3yotzSHnGWtUo25BVAozhDBqkGW46fIywCzUIyyq5hgbCfCxrtmexT\nfsUZQkuDUl+RqGoIK/p1xdSWcGIgmwIDAQABAoICACUdc+Nrs3TBx5pLOPHJRUxS\nMWVRQATWeuS2lS0SNIZ1IqRNAlulWBCiwE05sjHtkD/UGzD+z+bLjEKIpX3gfwqd\n8tXJjZif24Bd0bUDULc+xI8Ir2pvhJ1IwDX+6YVjZsha1shEoHLM4M99i4ejnp2k\nFPfpqEjGZQvQ1UW56/d6letakKMa814Uh9fWZmXJNoMCt4NvL4a9AZh/r+LRHM6e\npwOK/hUhnmVor0T1/S+NDGX+ygOY0XvRG7Jvd7OCPxBbNqlexm9trRiOhg/Hve00\n7Y1xDZLXJhOrFCAq8enIEglN2nKFB0nP8XKwUdLPD2FkTDyqSkx3ikvY32mypMQw\n5PY8BigoG51FUyQ213jinYcS6UNN3UZNL5O91og5TjTLmDRBhC7/+Dxpz0sNjodT\nC0CZS+PljddDX4mJhhJiEcyfOpFtHk2O59/BnH/tC5bHSdWYClDor9NiS6zx//kf\nDUo9ITXNI/Nq+4WE775uEXcbwOcMMmmE+XxZJddbRGRVA0H4GfNUSxkt+JXiWh4E\nFHgmWXWPhrdTvSu6t9a1p3Pzrl4Sb6UdHGhFe4P7R6C5oH+h3sQq1W+lr7ZCgnUv\na8eg2W+QwJU+TDS/z5bUbtF2c251jP9c/vMNwH3hbon8XtwMrQIkcuPFJ4Lh9JD6\nDDDaALPAMMkLIS4fZ7hhAoIBAQDlX3zzK4oAhg/QSuA7b/qMv1CrAJOu55GoBprP\nyzXPSAyK359C0e8R3SdYIASB7pJFZ3hQCX+mLIyPnHIO3d627kw401pEMg/WjqSq\nqop4VZmBQj9WDmLi42nA82HXoumhaZEujj/L7lpUvDJ1ZZW4cmLN997r6cWzycvi\nPEt69bvuy+azQWM3kj7Xw68RR+D2O+Gjf8H9BUD//6foPw4QH9S1FydFH59ShDId\nMznaogCezVQ/svK+YRUNA79UwqzirbKvTjRPedVVx+RYTGS84lRVYOprAkbp5yIU\n2evUYmuNPmZgWr2Hkrxz0U3ouMCYNZ2MsUdeP7XJIKtVTcwLAoIBAQDlMR5be4aQ\nLXZwB4H77WvXalBR2SbNyf9L/qr4hMmuAlNkGZNy9qhYNAabhwY7yxmKFs3Z+wSv\n3FgGpWaN/Q0hoJ26HDmcLqBow6LiHhfwNT45W/nWrPdaJIPElLbzrBhBQ5xs9vTR\nTBuD7bbD0++B+koQskZKoQRK42VjsJBbrNKfihBDKDVzq3LGfTIQhaeZvh5s2xik\nWmVW+C6G8bpUG1eH1SXJiywxpBeIB2sDQnDy2I55c7dHcevp98bABTubU705tbnh\nCFqWLdELKU08NbBVqylA2bKV78nRSwseZoN0Leqy+90ieOFS7/1fa6pFK/y/xSn+\ndD6z+NBFo0exAoIBAByi3UCmsOX71sGUd4Y0Jr2nrPSMb+OoOYEWwgErR56HSjmU\nTZfUCdrbF2xjIuzt0gkkL9seNHeUnD/Zsku023dPLOjzShO1hFCvIlPEUuFPHokK\nskmWJjZZWfyi5hY72psySNPdIo3dRh3KGSqa8iRC857vUT92wh3+FZw7FtlVEI9x\nmW3Lvg1UDtB1N8gahzV2qGb3Lkreewz66AWQybqtnqq1J0vz9LoikvceTBzFmPo6\nfEgvmSq3iB9F1n9IhrkOIn7Mbq91cHLzL8juUK1cPFckcF/Huv68wn6D7nNnjjHm\nFnX1HjBs22ZCPU3OswzNtMu53kUgAxwHHhzaR50CggEBALOFo+e4fBCW67yYxOIW\neHBFYCCcXV64KHbYRgdfy7G3NKalue9E8VwVdE+Clglj7t9ROXDSxDsT9wdNq2Tw\nn8aFTsamsSF7DD7DbuR6+fk3W0QGnU3gMeezzlq+ugdn95+3W+GmFuGSIcNXAd+m\nNGa1LCqj2Zc/RGN8dsB9XrXQSzKYLGDOMAAofUCoc/ypFDzCxIYzn7us6tASmi8t\nTOvwdsF43Z5emwFPLPdqCBKHin1Nz1umnhsiSs37PPzPnH7wOrnndG+l4X7c6G87\nrLnKvBJ+fVPEsbPsHUMI6u6nEbSA+uOzkOUdljEmtmp1pOuFpvZ3c4tSdoL2E/1Y\nBiECggEAZkrA3fJeo0iUSGdWnPM0/ROK9QrCMLycAesu+JrR22jbstkXpk3th+E3\nE7T/w7uWOM9PrNWcY2y9nQ7JpcvW/U2fqE7RRc2jnDOtCfBSpPNbcEtqZzMX86Ul\nNj1XBNHS9OYALtBbDy8sATnbyAgRdV1KlTjA3pJvtZcA4RpQWALnbwJyZZtmR8Ws\nxyy+kt1PQ3M9VRbxD/Q+dHqPVtwRnNdTlfRxRqfaOIpkBV2atAtHJOFz/zNXY5h5\nQI5M8IpcZtaDqYIfOpultpsE8VEaHBZbKLfOzTgmmgATnsgVuioRbPz4/wUW7qGI\nwn9uGWDOi0xWTWjviieohCp4psrOfA==\n-----END PRIVATE KEY-----\n",
            "public_key_fingerprint_md5": "a8:ee:64:1d:d7:2a:d5:ae:51:b8:bf:f3:83:33:0d:0e",
            "public_key_fingerprint_sha256": "SHA256:twopRnjJNnGRs4ZDkRD7ZH4AoYIiGS2pdp3ypmt9CGU",
            "public_key_openssh": "ssh-rsa AAAAB3NzaC1yc2EAAAADAQABAAACAQDNWm0/mMEjn1tQeyy88OqSvOMX8GGlq6mIV4c4zk3czrnE0UQzmqyj4jHsopmR/Lf+4kL6tHvUw1tFdeWOwBGHueuipHUv0Q91MJur0d+BxZlLCzoCszvGoHC0JI7SZV3FdxZ6s/YLvh3gXfMwEcVe9XHVOIVbwnyqWNnSo7rIqY8CMX4O/XtHQRLVGr1faSa2eq8QgWSl0pPnvDtFuMzhcypBs7422JcX8smuHafPouRsZAXX/dyy68gkuSK1izfsrzZ/akOx2gQ9t5F68wEqfK1iJ8n3afFSN6BImQ+6XTt8VZSB7EkGcg4Ev+4WBUcMzytaluBEghSa5oC8gWHodD90XHiwLeJNUpfhJWXozY3W2wM6puTKmorQiy05jwWmMP/lDOQzp4Q7KHILjyQsyN7lVJVNn3Jbohi3M3xdVhDifkaVA+GUEbTu5+3c3D7DTXHqSVK/Nkg5/T6ZFDSvm3NZclu1QmK8ihRR97OH53OueU1hV1aWt3wuq/Y/3QbflwlpsH6MVVy3zQSOSj1oXTKbvBnXeYEq5iPZzbFST776mNOHGq13F7IN0dUpaWoH0xLnmBInmrRCdApIr1NjfH3yotzSHnGWtUo25BVAozhDBqkGW46fIywCzUIyyq5hgbCfCxrtmexTfsUZQkuDUl+RqGoIK/p1xdSWcGIgmw==\n",
            "public_key_pem": "-----BEGIN PUBLIC KEY-----\nMIICIjANBgkqhkiG9w0BAQEFAAOCAg8AMIICCgKCAgEAzVptP5jBI59bUHssvPDq\nkrzjF/BhpaupiFeHOM5N3M65xNFEM5qso+Ix7KKZkfy3/uJC+rR71MNbRXXljsAR\nh7nroqR1L9EPdTCbq9HfgcWZSws6ArM7xqBwtCSO0mVdxXcWerP2C74d4F3zMBHF\nXvVx1TiFW8J8qljZ0qO6yKmPAjF+Dv17R0ES1Rq9X2kmtnqvEIFkpdKT57w7RbjM\n4XMqQbO+NtiXF/LJrh2nz6LkbGQF1/3csuvIJLkitYs37K82f2pDsdoEPbeRevMB\nKnytYifJ92nxUjegSJkPul07fFWUgexJBnIOBL/uFgVHDM8rWpbgRIIUmuaAvIFh\n6HQ/dFx4sC3iTVKX4SVl6M2N1tsDOqbkypqK0IstOY8FpjD/5QzkM6eEOyhyC48k\nLMje5VSVTZ9yW6IYtzN8XVYQ4n5GlQPhlBG07uft3Nw+w01x6klSvzZIOf0+mRQ0\nr5tzWXJbtUJivIoUUfezh+dzrnlNYVdWlrd8Lqv2P90G35cJabB+jFVct80Ejko9\naF0ym7wZ13mBKuYj2c2xUk+++pjThxqtdxeyDdHVKWlqB9MS55gSJ5q0QnQKSK9T\nY3x98qLc0h5xlrVKNuQVQKM4QwapBluOnyMsAs1CMsquYYGwnwsa7ZnsU37FGUJL\ng1JfkahqCCv6dcXUlnBiIJsCAwEAAQ==\n-----END PUBLIC KEY-----\n",
            "rsa_bits": 4096
          },
          "sensitive_attributes": []
        }
      ]
    }
  ],
  "check_results": null
}
