{
  "version": 4,
  "terraform_version": "1.3.6",
  "serial": 19,
  "lineage": "79a676b6-7c95-e00c-7044-e2c5a4609491",
  "outputs": {
    "admin_ssh_key": {
      "value": [
        {
          "public_key": "ssh-rsa AAAAB3NzaC1yc2EAAAADAQABAAABgQDk7K9s57d7UAmesOJI6pWEJKle5lbAUKr8vmXyNWWvBByk9fT+J+UF3zcCgWx3tjimgVHFZffug4EOb6kZKr3ztlON0yfc8Fm2jsaxnRBWNYRu2Oq01ILact8kyA/Ti7ySrtjybqJahbU5HRhD0jg94q2TYdv5rJLFZMaJDcDw4ybCOJ0ycKQA8JKI43dm1ctWq0OdB2kOa8ROkRVFV6l7hdmSpHxRDhckQYzl1y7tP3yaD8IMjKq+3dOw2EkH/OdGLyHu2kStScG/eUNYOADiHAUWoHNGXIhenN4hFD69fSnOXIsSJ/z1JEhDjs9utwYA5GOU8iMngkr8QjobQybpYNESSu0o5KnMZxjtq5T9Ync47Uxzo9sIypXLYafeFfgQvKih7lubL5LSQnVtYXf71OE6k/rUyLy4tgjEjhmI5Sg1Kq2j8a4ZJ31skcZUFYLKYPlas+e9jjg5WuWnaIhoczu/vpSnrnDlbXlQpcTL10N84AKgWPlKAmgrY7IrFoM= jobbo@I7-9700\r\n",
          "username": "adminuser"
        }
      ],
      "type": [
        "set",
        [
          "object",
          {
            "public_key": "string",
            "username": "string"
          }
        ]
      ]
    },
    "admin_username": {
      "value": "adminuser",
      "type": "string"
    },
    "computer_name": {
      "value": "azvmlab-vm",
      "type": "string"
    },
    "public_ip_address": {
      "value": "20.24.64.206",
      "type": "string"
    },
    "resource_group_name": {
      "value": "azvmlab-resources",
      "type": "string"
    }
  },
  "resources": [
    {
      "mode": "managed",
      "type": "azurerm_linux_virtual_machine",
      "name": "main",
      "provider": "provider[\"registry.terraform.io/hashicorp/azurerm\"]",
      "instances": [
        {
          "schema_version": 0,
          "attributes": {
            "additional_capabilities": [],
            "admin_password": null,
            "admin_ssh_key": [
              {
                "public_key": "ssh-rsa AAAAB3NzaC1yc2EAAAADAQABAAABgQDk7K9s57d7UAmesOJI6pWEJKle5lbAUKr8vmXyNWWvBByk9fT+J+UF3zcCgWx3tjimgVHFZffug4EOb6kZKr3ztlON0yfc8Fm2jsaxnRBWNYRu2Oq01ILact8kyA/Ti7ySrtjybqJahbU5HRhD0jg94q2TYdv5rJLFZMaJDcDw4ybCOJ0ycKQA8JKI43dm1ctWq0OdB2kOa8ROkRVFV6l7hdmSpHxRDhckQYzl1y7tP3yaD8IMjKq+3dOw2EkH/OdGLyHu2kStScG/eUNYOADiHAUWoHNGXIhenN4hFD69fSnOXIsSJ/z1JEhDjs9utwYA5GOU8iMngkr8QjobQybpYNESSu0o5KnMZxjtq5T9Ync47Uxzo9sIypXLYafeFfgQvKih7lubL5LSQnVtYXf71OE6k/rUyLy4tgjEjhmI5Sg1Kq2j8a4ZJ31skcZUFYLKYPlas+e9jjg5WuWnaIhoczu/vpSnrnDlbXlQpcTL10N84AKgWPlKAmgrY7IrFoM= jobbo@I7-9700\r\n",
                "username": "adminuser"
              }
            ],
            "admin_username": "adminuser",
            "allow_extension_operations": true,
            "availability_set_id": "",
            "boot_diagnostics": [],
            "capacity_reservation_group_id": "",
            "computer_name": "azvmlab-vm",
            "custom_data": null,
            "dedicated_host_group_id": "",
            "dedicated_host_id": "",
            "disable_password_authentication": true,
            "edge_zone": "",
            "encryption_at_host_enabled": false,
            "eviction_policy": "",
            "extensions_time_budget": "PT1H30M",
            "gallery_application": [],
            "id": "/subscriptions/9f64194f-f35d-4a5c-8d16-60811524df8d/resourceGroups/azvmlab-resources/providers/Microsoft.Compute/virtualMachines/azvmlab-vm",
            "identity": [],
            "license_type": "",
            "location": "eastasia",
            "max_bid_price": -1,
            "name": "azvmlab-vm",
            "network_interface_ids": [
              "/subscriptions/9f64194f-f35d-4a5c-8d16-60811524df8d/resourceGroups/azvmlab-resources/providers/Microsoft.Network/networkInterfaces/azvmlab-nic"
            ],
            "os_disk": [
              {
                "caching": "ReadWrite",
                "diff_disk_settings": [],
                "disk_encryption_set_id": "",
                "disk_size_gb": 30,
                "name": "azvmlab-vm_disk1_1d3ed9cce0ed462799e9caf6fe6bcb7e",
                "secure_vm_disk_encryption_set_id": "",
                "security_encryption_type": "",
                "storage_account_type": "Standard_LRS",
                "write_accelerator_enabled": false
              }
            ],
            "patch_assessment_mode": "ImageDefault",
            "patch_mode": "ImageDefault",
            "plan": [],
            "platform_fault_domain": -1,
            "priority": "Regular",
            "private_ip_address": "10.0.2.4",
            "private_ip_addresses": [
              "10.0.2.4"
            ],
            "provision_vm_agent": true,
            "proximity_placement_group_id": "",
            "public_ip_address": "20.24.64.206",
            "public_ip_addresses": [
              "20.24.64.206"
            ],
            "resource_group_name": "azvmlab-resources",
            "secret": [],
            "secure_boot_enabled": false,
            "size": "Standard_B2s",
            "source_image_id": "",
            "source_image_reference": [
              {
                "offer": "CentOS",
                "publisher": "OpenLogic",
                "sku": "7_9-gen2",
                "version": "latest"
              }
            ],
            "tags": null,
            "termination_notification": null,
            "timeouts": null,
            "user_data": "",
            "virtual_machine_id": "c15a9837-fa84-41ca-8a3c-df3257d41347",
            "virtual_machine_scale_set_id": "",
            "vtpm_enabled": false,
            "zone": ""
          },
          "sensitive_attributes": [],
          "private": "eyJlMmJmYjczMC1lY2FhLTExZTYtOGY4OC0zNDM2M2JjN2M0YzAiOnsiY3JlYXRlIjoyNzAwMDAwMDAwMDAwLCJkZWxldGUiOjI3MDAwMDAwMDAwMDAsInJlYWQiOjMwMDAwMDAwMDAwMCwidXBkYXRlIjoyNzAwMDAwMDAwMDAwfX0=",
          "dependencies": [
            "azurerm_network_interface.main",
            "azurerm_public_ip.main",
            "azurerm_resource_group.main",
            "azurerm_subnet.internal",
            "azurerm_virtual_network.main"
          ]
        }
      ]
    },
    {
      "mode": "managed",
      "type": "azurerm_network_interface",
      "name": "main",
      "provider": "provider[\"registry.terraform.io/hashicorp/azurerm\"]",
      "instances": [
        {
          "schema_version": 0,
          "attributes": {
            "applied_dns_servers": [],
            "dns_servers": [],
            "edge_zone": "",
            "enable_accelerated_networking": false,
            "enable_ip_forwarding": false,
            "id": "/subscriptions/9f64194f-f35d-4a5c-8d16-60811524df8d/resourceGroups/azvmlab-resources/providers/Microsoft.Network/networkInterfaces/azvmlab-nic",
            "internal_dns_name_label": "",
            "internal_domain_name_suffix": "p44zsf3ooueebgf1apl2sgeqwd.hx.internal.cloudapp.net",
            "ip_configuration": [
              {
                "gateway_load_balancer_frontend_ip_configuration_id": "",
                "name": "internal",
                "primary": true,
                "private_ip_address": "10.0.2.4",
                "private_ip_address_allocation": "Dynamic",
                "private_ip_address_version": "IPv4",
                "public_ip_address_id": "/subscriptions/9f64194f-f35d-4a5c-8d16-60811524df8d/resourceGroups/azvmlab-resources/providers/Microsoft.Network/publicIPAddresses/azvmlab-pip",
                "subnet_id": "/subscriptions/9f64194f-f35d-4a5c-8d16-60811524df8d/resourceGroups/azvmlab-resources/providers/Microsoft.Network/virtualNetworks/azvmlab-network/subnets/internal"
              }
            ],
            "location": "eastasia",
            "mac_address": "",
            "name": "azvmlab-nic",
            "private_ip_address": "10.0.2.4",
            "private_ip_addresses": [
              "10.0.2.4"
            ],
            "resource_group_name": "azvmlab-resources",
            "tags": null,
            "timeouts": null,
            "virtual_machine_id": ""
          },
          "sensitive_attributes": [],
          "private": "eyJlMmJmYjczMC1lY2FhLTExZTYtOGY4OC0zNDM2M2JjN2M0YzAiOnsiY3JlYXRlIjoxODAwMDAwMDAwMDAwLCJkZWxldGUiOjE4MDAwMDAwMDAwMDAsInJlYWQiOjMwMDAwMDAwMDAwMCwidXBkYXRlIjoxODAwMDAwMDAwMDAwfX0=",
          "dependencies": [
            "azurerm_public_ip.main",
            "azurerm_resource_group.main",
            "azurerm_subnet.internal",
            "azurerm_virtual_network.main"
          ]
        }
      ]
    },
    {
      "mode": "managed",
      "type": "azurerm_network_interface_security_group_association",
      "name": "main",
      "provider": "provider[\"registry.terraform.io/hashicorp/azurerm\"]",
      "instances": [
        {
          "schema_version": 0,
          "attributes": {
            "id": "/subscriptions/9f64194f-f35d-4a5c-8d16-60811524df8d/resourceGroups/azvmlab-resources/providers/Microsoft.Network/networkInterfaces/azvmlab-nic|/subscriptions/9f64194f-f35d-4a5c-8d16-60811524df8d/resourceGroups/azvmlab-resources/providers/Microsoft.Network/networkSecurityGroups/myNetworkSecurityGroup",
            "network_interface_id": "/subscriptions/9f64194f-f35d-4a5c-8d16-60811524df8d/resourceGroups/azvmlab-resources/providers/Microsoft.Network/networkInterfaces/azvmlab-nic",
            "network_security_group_id": "/subscriptions/9f64194f-f35d-4a5c-8d16-60811524df8d/resourceGroups/azvmlab-resources/providers/Microsoft.Network/networkSecurityGroups/myNetworkSecurityGroup",
            "timeouts": null
          },
          "sensitive_attributes": [],
          "private": "eyJlMmJmYjczMC1lY2FhLTExZTYtOGY4OC0zNDM2M2JjN2M0YzAiOnsiY3JlYXRlIjoxODAwMDAwMDAwMDAwLCJkZWxldGUiOjE4MDAwMDAwMDAwMDAsInJlYWQiOjMwMDAwMDAwMDAwMCwidXBkYXRlIjoxODAwMDAwMDAwMDAwfX0=",
          "dependencies": [
            "azurerm_network_interface.main",
            "azurerm_network_security_group.nsg",
            "azurerm_public_ip.main",
            "azurerm_resource_group.main",
            "azurerm_subnet.internal",
            "azurerm_virtual_network.main"
          ]
        }
      ]
    },
    {
      "mode": "managed",
      "type": "azurerm_network_security_group",
      "name": "nsg",
      "provider": "provider[\"registry.terraform.io/hashicorp/azurerm\"]",
      "instances": [
        {
          "schema_version": 0,
          "attributes": {
            "id": "/subscriptions/9f64194f-f35d-4a5c-8d16-60811524df8d/resourceGroups/azvmlab-resources/providers/Microsoft.Network/networkSecurityGroups/myNetworkSecurityGroup",
            "location": "eastasia",
            "name": "myNetworkSecurityGroup",
            "resource_group_name": "azvmlab-resources",
            "security_rule": [
              {
                "access": "Allow",
                "description": "",
                "destination_address_prefix": "*",
                "destination_address_prefixes": [],
                "destination_application_security_group_ids": [],
                "destination_port_range": "22",
                "destination_port_ranges": [],
                "direction": "Inbound",
                "name": "SSH",
                "priority": 1001,
                "protocol": "Tcp",
                "source_address_prefix": "*",
                "source_address_prefixes": [],
                "source_application_security_group_ids": [],
                "source_port_range": "*",
                "source_port_ranges": []
              }
            ],
            "tags": null,
            "timeouts": null
          },
          "sensitive_attributes": [],
          "private": "eyJlMmJmYjczMC1lY2FhLTExZTYtOGY4OC0zNDM2M2JjN2M0YzAiOnsiY3JlYXRlIjoxODAwMDAwMDAwMDAwLCJkZWxldGUiOjE4MDAwMDAwMDAwMDAsInJlYWQiOjMwMDAwMDAwMDAwMCwidXBkYXRlIjoxODAwMDAwMDAwMDAwfX0=",
          "dependencies": [
            "azurerm_resource_group.main"
          ]
        }
      ]
    },
    {
      "mode": "managed",
      "type": "azurerm_public_ip",
      "name": "main",
      "provider": "provider[\"registry.terraform.io/hashicorp/azurerm\"]",
      "instances": [
        {
          "schema_version": 0,
          "attributes": {
            "allocation_method": "Dynamic",
            "ddos_protection_mode": "VirtualNetworkInherited",
            "ddos_protection_plan_id": null,
            "domain_name_label": null,
            "edge_zone": "",
            "fqdn": null,
            "id": "/subscriptions/9f64194f-f35d-4a5c-8d16-60811524df8d/resourceGroups/azvmlab-resources/providers/Microsoft.Network/publicIPAddresses/azvmlab-pip",
            "idle_timeout_in_minutes": 4,
            "ip_address": "",
            "ip_tags": null,
            "ip_version": "IPv4",
            "location": "eastasia",
            "name": "azvmlab-pip",
            "public_ip_prefix_id": null,
            "resource_group_name": "azvmlab-resources",
            "reverse_fqdn": null,
            "sku": "Basic",
            "sku_tier": "Regional",
            "tags": null,
            "timeouts": null,
            "zones": null
          },
          "sensitive_attributes": [],
          "private": "eyJlMmJmYjczMC1lY2FhLTExZTYtOGY4OC0zNDM2M2JjN2M0YzAiOnsiY3JlYXRlIjoxODAwMDAwMDAwMDAwLCJkZWxldGUiOjE4MDAwMDAwMDAwMDAsInJlYWQiOjMwMDAwMDAwMDAwMCwidXBkYXRlIjoxODAwMDAwMDAwMDAwfX0=",
          "dependencies": [
            "azurerm_resource_group.main"
          ]
        }
      ]
    },
    {
      "mode": "managed",
      "type": "azurerm_resource_group",
      "name": "main",
      "provider": "provider[\"registry.terraform.io/hashicorp/azurerm\"]",
      "instances": [
        {
          "schema_version": 0,
          "attributes": {
            "id": "/subscriptions/9f64194f-f35d-4a5c-8d16-60811524df8d/resourceGroups/azvmlab-resources",
            "location": "eastasia",
            "name": "azvmlab-resources",
            "tags": null,
            "timeouts": null
          },
          "sensitive_attributes": [],
          "private": "eyJlMmJmYjczMC1lY2FhLTExZTYtOGY4OC0zNDM2M2JjN2M0YzAiOnsiY3JlYXRlIjo1NDAwMDAwMDAwMDAwLCJkZWxldGUiOjU0MDAwMDAwMDAwMDAsInJlYWQiOjMwMDAwMDAwMDAwMCwidXBkYXRlIjo1NDAwMDAwMDAwMDAwfX0="
        }
      ]
    },
    {
      "mode": "managed",
      "type": "azurerm_subnet",
      "name": "internal",
      "provider": "provider[\"registry.terraform.io/hashicorp/azurerm\"]",
      "instances": [
        {
          "schema_version": 0,
          "attributes": {
            "address_prefixes": [
              "10.0.2.0/24"
            ],
            "delegation": [],
            "enforce_private_link_endpoint_network_policies": false,
            "enforce_private_link_service_network_policies": false,
            "id": "/subscriptions/9f64194f-f35d-4a5c-8d16-60811524df8d/resourceGroups/azvmlab-resources/providers/Microsoft.Network/virtualNetworks/azvmlab-network/subnets/internal",
            "name": "internal",
            "private_endpoint_network_policies_enabled": true,
            "private_link_service_network_policies_enabled": true,
            "resource_group_name": "azvmlab-resources",
            "service_endpoint_policy_ids": null,
            "service_endpoints": null,
            "timeouts": null,
            "virtual_network_name": "azvmlab-network"
          },
          "sensitive_attributes": [],
          "private": "eyJlMmJmYjczMC1lY2FhLTExZTYtOGY4OC0zNDM2M2JjN2M0YzAiOnsiY3JlYXRlIjoxODAwMDAwMDAwMDAwLCJkZWxldGUiOjE4MDAwMDAwMDAwMDAsInJlYWQiOjMwMDAwMDAwMDAwMCwidXBkYXRlIjoxODAwMDAwMDAwMDAwfX0=",
          "dependencies": [
            "azurerm_resource_group.main",
            "azurerm_virtual_network.main"
          ]
        }
      ]
    },
    {
      "mode": "managed",
      "type": "azurerm_virtual_network",
      "name": "main",
      "provider": "provider[\"registry.terraform.io/hashicorp/azurerm\"]",
      "instances": [
        {
          "schema_version": 0,
          "attributes": {
            "address_space": [
              "10.0.0.0/16"
            ],
            "bgp_community": "",
            "ddos_protection_plan": [],
            "dns_servers": [],
            "edge_zone": "",
            "flow_timeout_in_minutes": 0,
            "guid": "1799bd7f-75ae-4008-98bb-03d7c91890b3",
            "id": "/subscriptions/9f64194f-f35d-4a5c-8d16-60811524df8d/resourceGroups/azvmlab-resources/providers/Microsoft.Network/virtualNetworks/azvmlab-network",
            "location": "eastasia",
            "name": "azvmlab-network",
            "resource_group_name": "azvmlab-resources",
            "subnet": [],
            "tags": null,
            "timeouts": null
          },
          "sensitive_attributes": [],
          "private": "eyJlMmJmYjczMC1lY2FhLTExZTYtOGY4OC0zNDM2M2JjN2M0YzAiOnsiY3JlYXRlIjoxODAwMDAwMDAwMDAwLCJkZWxldGUiOjE4MDAwMDAwMDAwMDAsInJlYWQiOjMwMDAwMDAwMDAwMCwidXBkYXRlIjoxODAwMDAwMDAwMDAwfX0=",
          "dependencies": [
            "azurerm_resource_group.main"
          ]
        }
      ]
    }
  ],
  "check_results": null
}
